// !$*UTF8*$!
{
	archiveVersion = 1;
	classes = {
	};
	objectVersion = 56;
	objects = {

/* Begin PBXBuildFile section */
		F07BFBE429DB0D490043404B /* UniversityMapApp.swift in Sources */ = {isa = PBXBuildFile; fileRef = F07BFBE329DB0D490043404B /* UniversityMapApp.swift */; };
		F07BFBE629DB0D490043404B /* ContentView.swift in Sources */ = {isa = PBXBuildFile; fileRef = F07BFBE529DB0D490043404B /* ContentView.swift */; };
		F07BFBE829DB0D4B0043404B /* Assets.xcassets in Resources */ = {isa = PBXBuildFile; fileRef = F07BFBE729DB0D4B0043404B /* Assets.xcassets */; };
		F07BFBEB29DB0D4B0043404B /* Preview Assets.xcassets in Resources */ = {isa = PBXBuildFile; fileRef = F07BFBEA29DB0D4B0043404B /* Preview Assets.xcassets */; };
		F07BFBF529DB0D4B0043404B /* UniversityMapTests.swift in Sources */ = {isa = PBXBuildFile; fileRef = F07BFBF429DB0D4B0043404B /* UniversityMapTests.swift */; };
		F07BFBFF29DB0D4B0043404B /* UniversityMapUITests.swift in Sources */ = {isa = PBXBuildFile; fileRef = F07BFBFE29DB0D4B0043404B /* UniversityMapUITests.swift */; };
		F07BFC0129DB0D4B0043404B /* UniversityMapUITestsLaunchTests.swift in Sources */ = {isa = PBXBuildFile; fileRef = F07BFC0029DB0D4B0043404B /* UniversityMapUITestsLaunchTests.swift */; };
/* End PBXBuildFile section */

/* Begin PBXContainerItemProxy section */
		F07BFBF129DB0D4B0043404B /* PBXContainerItemProxy */ = {
			isa = PBXContainerItemProxy;
			containerPortal = F07BFBD829DB0D490043404B /* Project object */;
			proxyType = 1;
			remoteGlobalIDString = F07BFBDF29DB0D490043404B;
			remoteInfo = UniversityMap;
		};
		F07BFBFB29DB0D4B0043404B /* PBXContainerItemProxy */ = {
			isa = PBXContainerItemProxy;
			containerPortal = F07BFBD829DB0D490043404B /* Project object */;
			proxyType = 1;
			remoteGlobalIDString = F07BFBDF29DB0D490043404B;
			remoteInfo = UniversityMap;
		};
/* End PBXContainerItemProxy section */

/* Begin PBXFileReference section */
		F07BFBE029DB0D490043404B /* UniversityMap.app */ = {isa = PBXFileReference; explicitFileType = wrapper.application; includeInIndex = 0; path = UniversityMap.app; sourceTree = BUILT_PRODUCTS_DIR; };
		F07BFBE329DB0D490043404B /* UniversityMapApp.swift */ = {isa = PBXFileReference; lastKnownFileType = sourcecode.swift; path = UniversityMapApp.swift; sourceTree = "<group>"; };
		F07BFBE529DB0D490043404B /* ContentView.swift */ = {isa = PBXFileReference; lastKnownFileType = sourcecode.swift; path = ContentView.swift; sourceTree = "<group>"; };
		F07BFBE729DB0D4B0043404B /* Assets.xcassets */ = {isa = PBXFileReference; lastKnownFileType = folder.assetcatalog; path = Assets.xcassets; sourceTree = "<group>"; };
		F07BFBEA29DB0D4B0043404B /* Preview Assets.xcassets */ = {isa = PBXFileReference; lastKnownFileType = folder.assetcatalog; path = "Preview Assets.xcassets"; sourceTree = "<group>"; };
		F07BFBF029DB0D4B0043404B /* UniversityMapTests.xctest */ = {isa = PBXFileReference; explicitFileType = wrapper.cfbundle; includeInIndex = 0; path = UniversityMapTests.xctest; sourceTree = BUILT_PRODUCTS_DIR; };
		F07BFBF429DB0D4B0043404B /* UniversityMapTests.swift */ = {isa = PBXFileReference; lastKnownFileType = sourcecode.swift; path = UniversityMapTests.swift; sourceTree = "<group>"; };
		F07BFBFA29DB0D4B0043404B /* UniversityMapUITests.xctest */ = {isa = PBXFileReference; explicitFileType = wrapper.cfbundle; includeInIndex = 0; path = UniversityMapUITests.xctest; sourceTree = BUILT_PRODUCTS_DIR; };
		F07BFBFE29DB0D4B0043404B /* UniversityMapUITests.swift */ = {isa = PBXFileReference; lastKnownFileType = sourcecode.swift; path = UniversityMapUITests.swift; sourceTree = "<group>"; };
		F07BFC0029DB0D4B0043404B /* UniversityMapUITestsLaunchTests.swift */ = {isa = PBXFileReference; lastKnownFileType = sourcecode.swift; path = UniversityMapUITestsLaunchTests.swift; sourceTree = "<group>"; };
/* End PBXFileReference section */

/* Begin PBXFrameworksBuildPhase section */
		F07BFBDD29DB0D490043404B /* Frameworks */ = {
			isa = PBXFrameworksBuildPhase;
			buildActionMask = 2147483647;
			files = (
			);
			runOnlyForDeploymentPostprocessing = 0;
		};
		F07BFBED29DB0D4B0043404B /* Frameworks */ = {
			isa = PBXFrameworksBuildPhase;
			buildActionMask = 2147483647;
			files = (
			);
			runOnlyForDeploymentPostprocessing = 0;
		};
		F07BFBF729DB0D4B0043404B /* Frameworks */ = {
			isa = PBXFrameworksBuildPhase;
			buildActionMask = 2147483647;
			files = (
			);
			runOnlyForDeploymentPostprocessing = 0;
		};
/* End PBXFrameworksBuildPhase section */

/* Begin PBXGroup section */
		F07BFBD729DB0D490043404B = {
			isa = PBXGroup;
			children = (
				F07BFBE229DB0D490043404B /* UniversityMap */,
				F07BFBF329DB0D4B0043404B /* UniversityMapTests */,
				F07BFBFD29DB0D4B0043404B /* UniversityMapUITests */,
				F07BFBE129DB0D490043404B /* Products */,
			);
			sourceTree = "<group>";
		};
		F07BFBE129DB0D490043404B /* Products */ = {
			isa = PBXGroup;
			children = (
				F07BFBE029DB0D490043404B /* UniversityMap.app */,
				F07BFBF029DB0D4B0043404B /* UniversityMapTests.xctest */,
				F07BFBFA29DB0D4B0043404B /* UniversityMapUITests.xctest */,
			);
			name = Products;
			sourceTree = "<group>";
		};
		F07BFBE229DB0D490043404B /* UniversityMap */ = {
			isa = PBXGroup;
			children = (
				F07BFBE329DB0D490043404B /* UniversityMapApp.swift */,
				F07BFBE529DB0D490043404B /* ContentView.swift */,
				F07BFBE729DB0D4B0043404B /* Assets.xcassets */,
				F07BFBE929DB0D4B0043404B /* Preview Content */,
			);
			path = UniversityMap;
			sourceTree = "<group>";
		};
		F07BFBE929DB0D4B0043404B /* Preview Content */ = {
			isa = PBXGroup;
			children = (
				F07BFBEA29DB0D4B0043404B /* Preview Assets.xcassets */,
			);
			path = "Preview Content";
			sourceTree = "<group>";
		};
		F07BFBF329DB0D4B0043404B /* UniversityMapTests */ = {
			isa = PBXGroup;
			children = (
				F07BFBF429DB0D4B0043404B /* UniversityMapTests.swift */,
			);
			path = UniversityMapTests;
			sourceTree = "<group>";
		};
		F07BFBFD29DB0D4B0043404B /* UniversityMapUITests */ = {
			isa = PBXGroup;
			children = (
				F07BFBFE29DB0D4B0043404B /* UniversityMapUITests.swift */,
				F07BFC0029DB0D4B0043404B /* UniversityMapUITestsLaunchTests.swift */,
			);
			path = UniversityMapUITests;
			sourceTree = "<group>";
		};
/* End PBXGroup section */

/* Begin PBXNativeTarget section */
		F07BFBDF29DB0D490043404B /* UniversityMap */ = {
			isa = PBXNativeTarget;
			buildConfigurationList = F07BFC0429DB0D4B0043404B /* Build configuration list for PBXNativeTarget "UniversityMap" */;
			buildPhases = (
				F07BFBDC29DB0D490043404B /* Sources */,
				F07BFBDD29DB0D490043404B /* Frameworks */,
				F07BFBDE29DB0D490043404B /* Resources */,
			);
			buildRules = (
			);
			dependencies = (
			);
			name = UniversityMap;
			productName = UniversityMap;
			productReference = F07BFBE029DB0D490043404B /* UniversityMap.app */;
			productType = "com.apple.product-type.application";
		};
		F07BFBEF29DB0D4B0043404B /* UniversityMapTests */ = {
			isa = PBXNativeTarget;
			buildConfigurationList = F07BFC0729DB0D4B0043404B /* Build configuration list for PBXNativeTarget "UniversityMapTests" */;
			buildPhases = (
				F07BFBEC29DB0D4B0043404B /* Sources */,
				F07BFBED29DB0D4B0043404B /* Frameworks */,
				F07BFBEE29DB0D4B0043404B /* Resources */,
			);
			buildRules = (
			);
			dependencies = (
				F07BFBF229DB0D4B0043404B /* PBXTargetDependency */,
			);
			name = UniversityMapTests;
			productName = UniversityMapTests;
			productReference = F07BFBF029DB0D4B0043404B /* UniversityMapTests.xctest */;
			productType = "com.apple.product-type.bundle.unit-test";
		};
		F07BFBF929DB0D4B0043404B /* UniversityMapUITests */ = {
			isa = PBXNativeTarget;
			buildConfigurationList = F07BFC0A29DB0D4B0043404B /* Build configuration list for PBXNativeTarget "UniversityMapUITests" */;
			buildPhases = (
				F07BFBF629DB0D4B0043404B /* Sources */,
				F07BFBF729DB0D4B0043404B /* Frameworks */,
				F07BFBF829DB0D4B0043404B /* Resources */,
			);
			buildRules = (
			);
			dependencies = (
				F07BFBFC29DB0D4B0043404B /* PBXTargetDependency */,
			);
			name = UniversityMapUITests;
			productName = UniversityMapUITests;
			productReference = F07BFBFA29DB0D4B0043404B /* UniversityMapUITests.xctest */;
			productType = "com.apple.product-type.bundle.ui-testing";
		};
/* End PBXNativeTarget section */

/* Begin PBXProject section */
		F07BFBD829DB0D490043404B /* Project object */ = {
			isa = PBXProject;
			attributes = {
				BuildIndependentTargetsInParallel = 1;
				LastSwiftUpdateCheck = 1430;
				LastUpgradeCheck = 1430;
				TargetAttributes = {
					F07BFBDF29DB0D490043404B = {
						CreatedOnToolsVersion = 14.3;
					};
					F07BFBEF29DB0D4B0043404B = {
						CreatedOnToolsVersion = 14.3;
						TestTargetID = F07BFBDF29DB0D490043404B;
					};
					F07BFBF929DB0D4B0043404B = {
						CreatedOnToolsVersion = 14.3;
						TestTargetID = F07BFBDF29DB0D490043404B;
					};
				};
			};
			buildConfigurationList = F07BFBDB29DB0D490043404B /* Build configuration list for PBXProject "UniversityMap" */;
			compatibilityVersion = "Xcode 14.0";
			developmentRegion = en;
			hasScannedForEncodings = 0;
			knownRegions = (
				en,
				Base,
			);
			mainGroup = F07BFBD729DB0D490043404B;
			productRefGroup = F07BFBE129DB0D490043404B /* Products */;
			projectDirPath = "";
			projectRoot = "";
			targets = (
				F07BFBDF29DB0D490043404B /* UniversityMap */,
				F07BFBEF29DB0D4B0043404B /* UniversityMapTests */,
				F07BFBF929DB0D4B0043404B /* UniversityMapUITests */,
			);
		};
/* End PBXProject section */

/* Begin PBXResourcesBuildPhase section */
		F07BFBDE29DB0D490043404B /* Resources */ = {
			isa = PBXResourcesBuildPhase;
			buildActionMask = 2147483647;
			files = (
				F07BFBEB29DB0D4B0043404B /* Preview Assets.xcassets in Resources */,
				F07BFBE829DB0D4B0043404B /* Assets.xcassets in Resources */,
			);
			runOnlyForDeploymentPostprocessing = 0;
		};
		F07BFBEE29DB0D4B0043404B /* Resources */ = {
			isa = PBXResourcesBuildPhase;
			buildActionMask = 2147483647;
			files = (
			);
			runOnlyForDeploymentPostprocessing = 0;
		};
		F07BFBF829DB0D4B0043404B /* Resources */ = {
			isa = PBXResourcesBuildPhase;
			buildActionMask = 2147483647;
			files = (
			);
			runOnlyForDeploymentPostprocessing = 0;
		};
/* End PBXResourcesBuildPhase section */

/* Begin PBXSourcesBuildPhase section */
		F07BFBDC29DB0D490043404B /* Sources */ = {
			isa = PBXSourcesBuildPhase;
			buildActionMask = 2147483647;
			files = (
				F07BFBE629DB0D490043404B /* ContentView.swift in Sources */,
				F07BFBE429DB0D490043404B /* UniversityMapApp.swift in Sources */,
			);
			runOnlyForDeploymentPostprocessing = 0;
		};
		F07BFBEC29DB0D4B0043404B /* Sources */ = {
			isa = PBXSourcesBuildPhase;
			buildActionMask = 2147483647;
			files = (
				F07BFBF529DB0D4B0043404B /* UniversityMapTests.swift in Sources */,
			);
			runOnlyForDeploymentPostprocessing = 0;
		};
		F07BFBF629DB0D4B0043404B /* Sources */ = {
			isa = PBXSourcesBuildPhase;
			buildActionMask = 2147483647;
			files = (
				F07BFBFF29DB0D4B0043404B /* UniversityMapUITests.swift in Sources */,
				F07BFC0129DB0D4B0043404B /* UniversityMapUITestsLaunchTests.swift in Sources */,
			);
			runOnlyForDeploymentPostprocessing = 0;
		};
/* End PBXSourcesBuildPhase section */

/* Begin PBXTargetDependency section */
		F07BFBF229DB0D4B0043404B /* PBXTargetDependency */ = {
			isa = PBXTargetDependency;
			target = F07BFBDF29DB0D490043404B /* UniversityMap */;
			targetProxy = F07BFBF129DB0D4B0043404B /* PBXContainerItemProxy */;
		};
		F07BFBFC29DB0D4B0043404B /* PBXTargetDependency */ = {
			isa = PBXTargetDependency;
			target = F07BFBDF29DB0D490043404B /* UniversityMap */;
			targetProxy = F07BFBFB29DB0D4B0043404B /* PBXContainerItemProxy */;
		};
/* End PBXTargetDependency section */

/* Begin XCBuildConfiguration section */
		F07BFC0229DB0D4B0043404B /* Debug */ = {
			isa = XCBuildConfiguration;
			buildSettings = {
				ALWAYS_SEARCH_USER_PATHS = NO;
				CLANG_ANALYZER_NONNULL = YES;
				CLANG_ANALYZER_NUMBER_OBJECT_CONVERSION = YES_AGGRESSIVE;
				CLANG_CXX_LANGUAGE_STANDARD = "gnu++20";
				CLANG_ENABLE_MODULES = YES;
				CLANG_ENABLE_OBJC_ARC = YES;
				CLANG_ENABLE_OBJC_WEAK = YES;
				CLANG_WARN_BLOCK_CAPTURE_AUTORELEASING = YES;
				CLANG_WARN_BOOL_CONVERSION = YES;
				CLANG_WARN_COMMA = YES;
				CLANG_WARN_CONSTANT_CONVERSION = YES;
				CLANG_WARN_DEPRECATED_OBJC_IMPLEMENTATIONS = YES;
				CLANG_WARN_DIRECT_OBJC_ISA_USAGE = YES_ERROR;
				CLANG_WARN_DOCUMENTATION_COMMENTS = YES;
				CLANG_WARN_EMPTY_BODY = YES;
				CLANG_WARN_ENUM_CONVERSION = YES;
				CLANG_WARN_INFINITE_RECURSION = YES;
				CLANG_WARN_INT_CONVERSION = YES;
				CLANG_WARN_NON_LITERAL_NULL_CONVERSION = YES;
				CLANG_WARN_OBJC_IMPLICIT_RETAIN_SELF = YES;
				CLANG_WARN_OBJC_LITERAL_CONVERSION = YES;
				CLANG_WARN_OBJC_ROOT_CLASS = YES_ERROR;
				CLANG_WARN_QUOTED_INCLUDE_IN_FRAMEWORK_HEADER = YES;
				CLANG_WARN_RANGE_LOOP_ANALYSIS = YES;
				CLANG_WARN_STRICT_PROTOTYPES = YES;
				CLANG_WARN_SUSPICIOUS_MOVE = YES;
				CLANG_WARN_UNGUARDED_AVAILABILITY = YES_AGGRESSIVE;
				CLANG_WARN_UNREACHABLE_CODE = YES;
				CLANG_WARN__DUPLICATE_METHOD_MATCH = YES;
				COPY_PHASE_STRIP = NO;
				DEBUG_INFORMATION_FORMAT = dwarf;
				ENABLE_STRICT_OBJC_MSGSEND = YES;
				ENABLE_TESTABILITY = YES;
				GCC_C_LANGUAGE_STANDARD = gnu11;
				GCC_DYNAMIC_NO_PIC = NO;
				GCC_NO_COMMON_BLOCKS = YES;
				GCC_OPTIMIZATION_LEVEL = 0;
				GCC_PREPROCESSOR_DEFINITIONS = (
					"DEBUG=1",
					"$(inherited)",
				);
				GCC_WARN_64_TO_32_BIT_CONVERSION = YES;
				GCC_WARN_ABOUT_RETURN_TYPE = YES_ERROR;
				GCC_WARN_UNDECLARED_SELECTOR = YES;
				GCC_WARN_UNINITIALIZED_AUTOS = YES_AGGRESSIVE;
				GCC_WARN_UNUSED_FUNCTION = YES;
				GCC_WARN_UNUSED_VARIABLE = YES;
				IPHONEOS_DEPLOYMENT_TARGET = 16.4;
				MTL_ENABLE_DEBUG_INFO = INCLUDE_SOURCE;
				MTL_FAST_MATH = YES;
				ONLY_ACTIVE_ARCH = YES;
				SDKROOT = iphoneos;
				SWIFT_ACTIVE_COMPILATION_CONDITIONS = DEBUG;
				SWIFT_OPTIMIZATION_LEVEL = "-Onone";
			};
			name = Debug;
		};
		F07BFC0329DB0D4B0043404B /* Release */ = {
			isa = XCBuildConfiguration;
			buildSettings = {
				ALWAYS_SEARCH_USER_PATHS = NO;
				CLANG_ANALYZER_NONNULL = YES;
				CLANG_ANALYZER_NUMBER_OBJECT_CONVERSION = YES_AGGRESSIVE;
				CLANG_CXX_LANGUAGE_STANDARD = "gnu++20";
				CLANG_ENABLE_MODULES = YES;
				CLANG_ENABLE_OBJC_ARC = YES;
				CLANG_ENABLE_OBJC_WEAK = YES;
				CLANG_WARN_BLOCK_CAPTURE_AUTORELEASING = YES;
				CLANG_WARN_BOOL_CONVERSION = YES;
				CLANG_WARN_COMMA = YES;
				CLANG_WARN_CONSTANT_CONVERSION = YES;
				CLANG_WARN_DEPRECATED_OBJC_IMPLEMENTATIONS = YES;
				CLANG_WARN_DIRECT_OBJC_ISA_USAGE = YES_ERROR;
				CLANG_WARN_DOCUMENTATION_COMMENTS = YES;
				CLANG_WARN_EMPTY_BODY = YES;
				CLANG_WARN_ENUM_CONVERSION = YES;
				CLANG_WARN_INFINITE_RECURSION = YES;
				CLANG_WARN_INT_CONVERSION = YES;
				CLANG_WARN_NON_LITERAL_NULL_CONVERSION = YES;
				CLANG_WARN_OBJC_IMPLICIT_RETAIN_SELF = YES;
				CLANG_WARN_OBJC_LITERAL_CONVERSION = YES;
				CLANG_WARN_OBJC_ROOT_CLASS = YES_ERROR;
				CLANG_WARN_QUOTED_INCLUDE_IN_FRAMEWORK_HEADER = YES;
				CLANG_WARN_RANGE_LOOP_ANALYSIS = YES;
				CLANG_WARN_STRICT_PROTOTYPES = YES;
				CLANG_WARN_SUSPICIOUS_MOVE = YES;
				CLANG_WARN_UNGUARDED_AVAILABILITY = YES_AGGRESSIVE;
				CLANG_WARN_UNREACHABLE_CODE = YES;
				CLANG_WARN__DUPLICATE_METHOD_MATCH = YES;
				COPY_PHASE_STRIP = NO;
				DEBUG_INFORMATION_FORMAT = "dwarf-with-dsym";
				ENABLE_NS_ASSERTIONS = NO;
				ENABLE_STRICT_OBJC_MSGSEND = YES;
				GCC_C_LANGUAGE_STANDARD = gnu11;
				GCC_NO_COMMON_BLOCKS = YES;
				GCC_WARN_64_TO_32_BIT_CONVERSION = YES;
				GCC_WARN_ABOUT_RETURN_TYPE = YES_ERROR;
				GCC_WARN_UNDECLARED_SELECTOR = YES;
				GCC_WARN_UNINITIALIZED_AUTOS = YES_AGGRESSIVE;
				GCC_WARN_UNUSED_FUNCTION = YES;
				GCC_WARN_UNUSED_VARIABLE = YES;
				IPHONEOS_DEPLOYMENT_TARGET = 16.4;
				MTL_ENABLE_DEBUG_INFO = NO;
				MTL_FAST_MATH = YES;
				SDKROOT = iphoneos;
				SWIFT_COMPILATION_MODE = wholemodule;
				SWIFT_OPTIMIZATION_LEVEL = "-O";
				VALIDATE_PRODUCT = YES;
			};
			name = Release;
		};
		F07BFC0529DB0D4B0043404B /* Debug */ = {
			isa = XCBuildConfiguration;
			buildSettings = {
				ASSETCATALOG_COMPILER_APPICON_NAME = AppIcon;
				ASSETCATALOG_COMPILER_GLOBAL_ACCENT_COLOR_NAME = AccentColor;
				CODE_SIGN_STYLE = Automatic;
				CURRENT_PROJECT_VERSION = 1;
				DEVELOPMENT_ASSET_PATHS = "\"UniversityMap/Preview Content\"";
				ENABLE_PREVIEWS = YES;
				GENERATE_INFOPLIST_FILE = YES;
				INFOPLIST_KEY_UIApplicationSceneManifest_Generation = YES;
				INFOPLIST_KEY_UIApplicationSupportsIndirectInputEvents = YES;
				INFOPLIST_KEY_UILaunchScreen_Generation = YES;
				INFOPLIST_KEY_UISupportedInterfaceOrientations_iPad = "UIInterfaceOrientationPortrait UIInterfaceOrientationPortraitUpsideDown UIInterfaceOrientationLandscapeLeft UIInterfaceOrientationLandscapeRight";
				INFOPLIST_KEY_UISupportedInterfaceOrientations_iPhone = "UIInterfaceOrientationPortrait UIInterfaceOrientationLandscapeLeft UIInterfaceOrientationLandscapeRight";
				LD_RUNPATH_SEARCH_PATHS = (
					"$(inherited)",
					"@executable_path/Frameworks",
				);
				MARKETING_VERSION = 1.0;
				PRODUCT_BUNDLE_IDENTIFIER = Akelas.UniversityMap;
				PRODUCT_NAME = "$(TARGET_NAME)";
				SWIFT_EMIT_LOC_STRINGS = YES;
				SWIFT_VERSION = 5.0;
				TARGETED_DEVICE_FAMILY = "1,2";
			};
			name = Debug;
		};
		F07BFC0629DB0D4B0043404B /* Release */ = {
			isa = XCBuildConfiguration;
			buildSettings = {
				ASSETCATALOG_COMPILER_APPICON_NAME = AppIcon;
				ASSETCATALOG_COMPILER_GLOBAL_ACCENT_COLOR_NAME = AccentColor;
				CODE_SIGN_STYLE = Automatic;
				CURRENT_PROJECT_VERSION = 1;
				DEVELOPMENT_ASSET_PATHS = "\"UniversityMap/Preview Content\"";
				ENABLE_PREVIEWS = YES;
				GENERATE_INFOPLIST_FILE = YES;
				INFOPLIST_KEY_UIApplicationSceneManifest_Generation = YES;
				INFOPLIST_KEY_UIApplicationSupportsIndirectInputEvents = YES;
				INFOPLIST_KEY_UILaunchScreen_Generation = YES;
				INFOPLIST_KEY_UISupportedInterfaceOrientations_iPad = "UIInterfaceOrientationPortrait UIInterfaceOrientationPortraitUpsideDown UIInterfaceOrientationLandscapeLeft UIInterfaceOrientationLandscapeRight";
				INFOPLIST_KEY_UISupportedInterfaceOrientations_iPhone = "UIInterfaceOrientationPortrait UIInterfaceOrientationLandscapeLeft UIInterfaceOrientationLandscapeRight";
				LD_RUNPATH_SEARCH_PATHS = (
					"$(inherited)",
					"@executable_path/Frameworks",
				);
				MARKETING_VERSION = 1.0;
				PRODUCT_BUNDLE_IDENTIFIER = Akelas.UniversityMap;
				PRODUCT_NAME = "$(TARGET_NAME)";
				SWIFT_EMIT_LOC_STRINGS = YES;
				SWIFT_VERSION = 5.0;
				TARGETED_DEVICE_FAMILY = "1,2";
			};
			name = Release;
		};
		F07BFC0829DB0D4B0043404B /* Debug */ = {
			isa = XCBuildConfiguration;
			buildSettings = {
				ALWAYS_EMBED_SWIFT_STANDARD_LIBRARIES = YES;
				BUNDLE_LOADER = "$(TEST_HOST)";
				CODE_SIGN_STYLE = Automatic;
				CURRENT_PROJECT_VERSION = 1;
				GENERATE_INFOPLIST_FILE = YES;
				IPHONEOS_DEPLOYMENT_TARGET = 16.4;
				MARKETING_VERSION = 1.0;
				PRODUCT_BUNDLE_IDENTIFIER = Akelas.UniversityMapTests;
				PRODUCT_NAME = "$(TARGET_NAME)";
				SWIFT_EMIT_LOC_STRINGS = NO;
				SWIFT_VERSION = 5.0;
				TARGETED_DEVICE_FAMILY = "1,2";
				TEST_HOST = "$(BUILT_PRODUCTS_DIR)/UniversityMap.app/$(BUNDLE_EXECUTABLE_FOLDER_PATH)/UniversityMap";
			};
			name = Debug;
		};
		F07BFC0929DB0D4B0043404B /* Release */ = {
			isa = XCBuildConfiguration;
			buildSettings = {
				ALWAYS_EMBED_SWIFT_STANDARD_LIBRARIES = YES;
				BUNDLE_LOADER = "$(TEST_HOST)";
				CODE_SIGN_STYLE = Automatic;
				CURRENT_PROJECT_VERSION = 1;
				GENERATE_INFOPLIST_FILE = YES;
				IPHONEOS_DEPLOYMENT_TARGET = 16.4;
				MARKETING_VERSION = 1.0;
				PRODUCT_BUNDLE_IDENTIFIER = Akelas.UniversityMapTests;
				PRODUCT_NAME = "$(TARGET_NAME)";
				SWIFT_EMIT_LOC_STRINGS = NO;
				SWIFT_VERSION = 5.0;
				TARGETED_DEVICE_FAMILY = "1,2";
				TEST_HOST = "$(BUILT_PRODUCTS_DIR)/UniversityMap.app/$(BUNDLE_EXECUTABLE_FOLDER_PATH)/UniversityMap";
			};
			name = Release;
		};
		F07BFC0B29DB0D4B0043404B /* Debug */ = {
			isa = XCBuildConfiguration;
			buildSettings = {
				ALWAYS_EMBED_SWIFT_STANDARD_LIBRARIES = YES;
				CODE_SIGN_STYLE = Automatic;
				CURRENT_PROJECT_VERSION = 1;
				GENERATE_INFOPLIST_FILE = YES;
				MARKETING_VERSION = 1.0;
				PRODUCT_BUNDLE_IDENTIFIER = Akelas.UniversityMapUITests;
				PRODUCT_NAME = "$(TARGET_NAME)";
				SWIFT_EMIT_LOC_STRINGS = NO;
				SWIFT_VERSION = 5.0;
				TARGETED_DEVICE_FAMILY = "1,2";
				TEST_TARGET_NAME = UniversityMap;
			};
			name = Debug;
		};
		F07BFC0C29DB0D4B0043404B /* Release */ = {
			isa = XCBuildConfiguration;
			buildSettings = {
				ALWAYS_EMBED_SWIFT_STANDARD_LIBRARIES = YES;
				CODE_SIGN_STYLE = Automatic;
				CURRENT_PROJECT_VERSION = 1;
				GENERATE_INFOPLIST_FILE = YES;
				MARKETING_VERSION = 1.0;
				PRODUCT_BUNDLE_IDENTIFIER = Akelas.UniversityMapUITests;
				PRODUCT_NAME = "$(TARGET_NAME)";
				SWIFT_EMIT_LOC_STRINGS = NO;
				SWIFT_VERSION = 5.0;
				TARGETED_DEVICE_FAMILY = "1,2";
				TEST_TARGET_NAME = UniversityMap;
			};
			name = Release;
		};
/* End XCBuildConfiguration section */

/* Begin XCConfigurationList section */
		F07BFBDB29DB0D490043404B /* Build configuration list for PBXProject "UniversityMap" */ = {
			isa = XCConfigurationList;
			buildConfigurations = (
				F07BFC0229DB0D4B0043404B /* Debug */,
				F07BFC0329DB0D4B0043404B /* Release */,
			);
			defaultConfigurationIsVisible = 0;
			defaultConfigurationName = Release;
		};
		F07BFC0429DB0D4B0043404B /* Build configuration list for PBXNativeTarget "UniversityMap" */ = {
			isa = XCConfigurationList;
			buildConfigurations = (
				F07BFC0529DB0D4B0043404B /* Debug */,
				F07BFC0629DB0D4B0043404B /* Release */,
			);
			defaultConfigurationIsVisible = 0;
			defaultConfigurationName = Release;
		};
		F07BFC0729DB0D4B0043404B /* Build configuration list for PBXNativeTarget "UniversityMapTests" */ = {
			isa = XCConfigurationList;
			buildConfigurations = (
				F07BFC0829DB0D4B0043404B /* Debug */,
				F07BFC0929DB0D4B0043404B /* Release */,
			);
			defaultConfigurationIsVisible = 0;
			defaultConfigurationName = Release;
		};
		F07BFC0A29DB0D4B0043404B /* Build configuration list for PBXNativeTarget "UniversityMapUITests" */ = {
			isa = XCConfigurationList;
			buildConfigurations = (
				F07BFC0B29DB0D4B0043404B /* Debug */,
				F07BFC0C29DB0D4B0043404B /* Release */,
			);
			defaultConfigurationIsVisible = 0;
			defaultConfigurationName = Release;
		};
/* End XCConfigurationList section */
	};
	rootObject = F07BFBD829DB0D490043404B /* Project object */;
}
